// !$*UTF8*$!
{
	archiveVersion = 1;
	classes = {
	};
	objectVersion = 56;
	objects = {

/* Begin PBXBuildFile section */
		4748EB75290BD3B60044DD3E /* BasanasViewController.swift in Sources */ = {isa = PBXBuildFile; fileRef = 4748EB74290BD3B60044DD3E /* BasanasViewController.swift */; };
		474F4EAD290AB90200BE82A6 /* AppDelegate.swift in Sources */ = {isa = PBXBuildFile; fileRef = 474F4EAC290AB90200BE82A6 /* AppDelegate.swift */; };
		474F4EAF290AB90200BE82A6 /* SceneDelegate.swift in Sources */ = {isa = PBXBuildFile; fileRef = 474F4EAE290AB90200BE82A6 /* SceneDelegate.swift */; };
		474F4EB1290AB90200BE82A6 /* DashboardViewController.swift in Sources */ = {isa = PBXBuildFile; fileRef = 474F4EB0290AB90200BE82A6 /* DashboardViewController.swift */; };
		474F4EB4290AB90200BE82A6 /* Main.storyboard in Resources */ = {isa = PBXBuildFile; fileRef = 474F4EB2290AB90200BE82A6 /* Main.storyboard */; };
		474F4EB6290AB90500BE82A6 /* Assets.xcassets in Resources */ = {isa = PBXBuildFile; fileRef = 474F4EB5290AB90500BE82A6 /* Assets.xcassets */; };
		474F4EB9290AB90500BE82A6 /* LaunchScreen.storyboard in Resources */ = {isa = PBXBuildFile; fileRef = 474F4EB7290AB90500BE82A6 /* LaunchScreen.storyboard */; };
		474F4EC3290ABA2000BE82A6 /* Pidouf.storyboard in Resources */ = {isa = PBXBuildFile; fileRef = 474F4EC2290ABA2000BE82A6 /* Pidouf.storyboard */; };
		474F4EC5290ABA9C00BE82A6 /* LaTeamRocket.storyboard in Resources */ = {isa = PBXBuildFile; fileRef = 474F4EC4290ABA9C00BE82A6 /* LaTeamRocket.storyboard */; };
		474F4EC7290ABAC600BE82A6 /* JTJ.storyboard in Resources */ = {isa = PBXBuildFile; fileRef = 474F4EC6290ABAC600BE82A6 /* JTJ.storyboard */; };
		474F4EC9290ABAF900BE82A6 /* Ekip.storyboard in Resources */ = {isa = PBXBuildFile; fileRef = 474F4EC8290ABAF900BE82A6 /* Ekip.storyboard */; };
		474F4ECB290ABB5F00BE82A6 /* Basanas.storyboard in Resources */ = {isa = PBXBuildFile; fileRef = 474F4ECA290ABB5F00BE82A6 /* Basanas.storyboard */; };
		474F4ECE290ABDFA00BE82A6 /* Realm in Frameworks */ = {isa = PBXBuildFile; productRef = 474F4ECD290ABDFA00BE82A6 /* Realm */; };
		474F4ED0290ABDFA00BE82A6 /* RealmSwift in Frameworks */ = {isa = PBXBuildFile; productRef = 474F4ECF290ABDFA00BE82A6 /* RealmSwift */; };
		474F4ED3290ABEF700BE82A6 /* Alamofire in Frameworks */ = {isa = PBXBuildFile; productRef = 474F4ED2290ABEF700BE82A6 /* Alamofire */; };
		54595D13290BC56700C1E242 /* TeamRocketViewController.swift in Sources */ = {isa = PBXBuildFile; fileRef = 54595D12290BC56700C1E242 /* TeamRocketViewController.swift */; };
		475027BE290C0407004EF60D /* ApiManager.swift in Sources */ = {isa = PBXBuildFile; fileRef = 475027BD290C0407004EF60D /* ApiManager.swift */; };
/* End PBXBuildFile section */

/* Begin PBXFileReference section */
		4748EB74290BD3B60044DD3E /* BasanasViewController.swift */ = {isa = PBXFileReference; lastKnownFileType = sourcecode.swift; path = BasanasViewController.swift; sourceTree = "<group>"; };
		474F4EA9290AB90200BE82A6 /* SKETUVEUX.app */ = {isa = PBXFileReference; explicitFileType = wrapper.application; includeInIndex = 0; path = SKETUVEUX.app; sourceTree = BUILT_PRODUCTS_DIR; };
		474F4EAC290AB90200BE82A6 /* AppDelegate.swift */ = {isa = PBXFileReference; lastKnownFileType = sourcecode.swift; path = AppDelegate.swift; sourceTree = "<group>"; };
		474F4EAE290AB90200BE82A6 /* SceneDelegate.swift */ = {isa = PBXFileReference; lastKnownFileType = sourcecode.swift; path = SceneDelegate.swift; sourceTree = "<group>"; };
		474F4EB0290AB90200BE82A6 /* DashboardViewController.swift */ = {isa = PBXFileReference; lastKnownFileType = sourcecode.swift; path = DashboardViewController.swift; sourceTree = "<group>"; };
		474F4EB3290AB90200BE82A6 /* Base */ = {isa = PBXFileReference; lastKnownFileType = file.storyboard; name = Base; path = Base.lproj/Main.storyboard; sourceTree = "<group>"; };
		474F4EB5290AB90500BE82A6 /* Assets.xcassets */ = {isa = PBXFileReference; lastKnownFileType = folder.assetcatalog; path = Assets.xcassets; sourceTree = "<group>"; };
		474F4EB8290AB90500BE82A6 /* Base */ = {isa = PBXFileReference; lastKnownFileType = file.storyboard; name = Base; path = Base.lproj/LaunchScreen.storyboard; sourceTree = "<group>"; };
		474F4EBA290AB90500BE82A6 /* Info.plist */ = {isa = PBXFileReference; lastKnownFileType = text.plist.xml; path = Info.plist; sourceTree = "<group>"; };
		474F4EC2290ABA2000BE82A6 /* Pidouf.storyboard */ = {isa = PBXFileReference; lastKnownFileType = file.storyboard; path = Pidouf.storyboard; sourceTree = "<group>"; };
		474F4EC4290ABA9C00BE82A6 /* LaTeamRocket.storyboard */ = {isa = PBXFileReference; lastKnownFileType = file.storyboard; path = LaTeamRocket.storyboard; sourceTree = "<group>"; };
		474F4EC6290ABAC600BE82A6 /* JTJ.storyboard */ = {isa = PBXFileReference; lastKnownFileType = file.storyboard; path = JTJ.storyboard; sourceTree = "<group>"; };
		474F4EC8290ABAF900BE82A6 /* Ekip.storyboard */ = {isa = PBXFileReference; lastKnownFileType = file.storyboard; path = Ekip.storyboard; sourceTree = "<group>"; };
		474F4ECA290ABB5F00BE82A6 /* Basanas.storyboard */ = {isa = PBXFileReference; lastKnownFileType = file.storyboard; path = Basanas.storyboard; sourceTree = "<group>"; };
		54595D12290BC56700C1E242 /* TeamRocketViewController.swift */ = {isa = PBXFileReference; lastKnownFileType = sourcecode.swift; path = TeamRocketViewController.swift; sourceTree = "<group>"; };
		475027BD290C0407004EF60D /* ApiManager.swift */ = {isa = PBXFileReference; lastKnownFileType = sourcecode.swift; path = ApiManager.swift; sourceTree = "<group>"; };
/* End PBXFileReference section */

/* Begin PBXFrameworksBuildPhase section */
		474F4EA6290AB90200BE82A6 /* Frameworks */ = {
			isa = PBXFrameworksBuildPhase;
			buildActionMask = 2147483647;
			files = (
				474F4ED3290ABEF700BE82A6 /* Alamofire in Frameworks */,
				474F4ED0290ABDFA00BE82A6 /* RealmSwift in Frameworks */,
				474F4ECE290ABDFA00BE82A6 /* Realm in Frameworks */,
			);
			runOnlyForDeploymentPostprocessing = 0;
		};
/* End PBXFrameworksBuildPhase section */

/* Begin PBXGroup section */
		474F4EA0290AB90200BE82A6 = {
			isa = PBXGroup;
			children = (
				474F4EAB290AB90200BE82A6 /* SKETUVEUX */,
				474F4EAA290AB90200BE82A6 /* Products */,
			);
			sourceTree = "<group>";
		};
		474F4EAA290AB90200BE82A6 /* Products */ = {
			isa = PBXGroup;
			children = (
				474F4EA9290AB90200BE82A6 /* SKETUVEUX.app */,
			);
			name = Products;
			sourceTree = "<group>";
		};
		474F4EAB290AB90200BE82A6 /* SKETUVEUX */ = {
			isa = PBXGroup;
			children = (
				474F4EAC290AB90200BE82A6 /* AppDelegate.swift */,
				474F4EAE290AB90200BE82A6 /* SceneDelegate.swift */,
				474F4EB0290AB90200BE82A6 /* DashboardViewController.swift */,
				474F4EC2290ABA2000BE82A6 /* Pidouf.storyboard */,
				474F4EC6290ABAC600BE82A6 /* JTJ.storyboard */,
				474F4EC8290ABAF900BE82A6 /* Ekip.storyboard */,
				474F4EC4290ABA9C00BE82A6 /* LaTeamRocket.storyboard */,
				474F4ECA290ABB5F00BE82A6 /* Basanas.storyboard */,
				474F4EB2290AB90200BE82A6 /* Main.storyboard */,
				474F4EB5290AB90500BE82A6 /* Assets.xcassets */,
				474F4EB7290AB90500BE82A6 /* LaunchScreen.storyboard */,
				474F4EBA290AB90500BE82A6 /* Info.plist */,
				54595D12290BC56700C1E242 /* TeamRocketViewController.swift */,
				4748EB74290BD3B60044DD3E /* BasanasViewController.swift */,
				475027BD290C0407004EF60D /* ApiManager.swift */,
			);
			path = SKETUVEUX;
			sourceTree = "<group>";
		};
/* End PBXGroup section */

/* Begin PBXNativeTarget section */
		474F4EA8290AB90200BE82A6 /* SKETUVEUX */ = {
			isa = PBXNativeTarget;
			buildConfigurationList = 474F4EBD290AB90500BE82A6 /* Build configuration list for PBXNativeTarget "SKETUVEUX" */;
			buildPhases = (
				474F4EA5290AB90200BE82A6 /* Sources */,
				474F4EA6290AB90200BE82A6 /* Frameworks */,
				474F4EA7290AB90200BE82A6 /* Resources */,
			);
			buildRules = (
			);
			dependencies = (
			);
			name = SKETUVEUX;
			packageProductDependencies = (
				474F4ECD290ABDFA00BE82A6 /* Realm */,
				474F4ECF290ABDFA00BE82A6 /* RealmSwift */,
				474F4ED2290ABEF700BE82A6 /* Alamofire */,
			);
			productName = SKETUVEUX;
			productReference = 474F4EA9290AB90200BE82A6 /* SKETUVEUX.app */;
			productType = "com.apple.product-type.application";
		};
/* End PBXNativeTarget section */

/* Begin PBXProject section */
		474F4EA1290AB90200BE82A6 /* Project object */ = {
			isa = PBXProject;
			attributes = {
				BuildIndependentTargetsInParallel = 1;
				LastSwiftUpdateCheck = 1400;
				LastUpgradeCheck = 1400;
				TargetAttributes = {
					474F4EA8290AB90200BE82A6 = {
						CreatedOnToolsVersion = 14.0.1;
					};
				};
			};
			buildConfigurationList = 474F4EA4290AB90200BE82A6 /* Build configuration list for PBXProject "SKETUVEUX" */;
			compatibilityVersion = "Xcode 14.0";
			developmentRegion = en;
			hasScannedForEncodings = 0;
			knownRegions = (
				en,
				Base,
			);
			mainGroup = 474F4EA0290AB90200BE82A6;
			packageReferences = (
				474F4ECC290ABDFA00BE82A6 /* XCRemoteSwiftPackageReference "realm-swift" */,
				474F4ED1290ABEF700BE82A6 /* XCRemoteSwiftPackageReference "Alamofire" */,
			);
			productRefGroup = 474F4EAA290AB90200BE82A6 /* Products */;
			projectDirPath = "";
			projectRoot = "";
			targets = (
				474F4EA8290AB90200BE82A6 /* SKETUVEUX */,
			);
		};
/* End PBXProject section */

/* Begin PBXResourcesBuildPhase section */
		474F4EA7290AB90200BE82A6 /* Resources */ = {
			isa = PBXResourcesBuildPhase;
			buildActionMask = 2147483647;
			files = (
				474F4EC5290ABA9C00BE82A6 /* LaTeamRocket.storyboard in Resources */,
				474F4EB9290AB90500BE82A6 /* LaunchScreen.storyboard in Resources */,
				474F4ECB290ABB5F00BE82A6 /* Basanas.storyboard in Resources */,
				474F4EB6290AB90500BE82A6 /* Assets.xcassets in Resources */,
				474F4EB4290AB90200BE82A6 /* Main.storyboard in Resources */,
				474F4EC9290ABAF900BE82A6 /* Ekip.storyboard in Resources */,
				474F4EC3290ABA2000BE82A6 /* Pidouf.storyboard in Resources */,
				474F4EC7290ABAC600BE82A6 /* JTJ.storyboard in Resources */,
			);
			runOnlyForDeploymentPostprocessing = 0;
		};
/* End PBXResourcesBuildPhase section */

/* Begin PBXSourcesBuildPhase section */
		474F4EA5290AB90200BE82A6 /* Sources */ = {
			isa = PBXSourcesBuildPhase;
			buildActionMask = 2147483647;
			files = (
				474F4EB1290AB90200BE82A6 /* DashboardViewController.swift in Sources */,
				474F4EAD290AB90200BE82A6 /* AppDelegate.swift in Sources */,
				475027BE290C0407004EF60D /* ApiManager.swift in Sources */,
				4748EB75290BD3B60044DD3E /* BasanasViewController.swift in Sources */,
				474F4EAF290AB90200BE82A6 /* SceneDelegate.swift in Sources */,
				54595D13290BC56700C1E242 /* TeamRocketViewController.swift in Sources */,
			);
			runOnlyForDeploymentPostprocessing = 0;
		};
/* End PBXSourcesBuildPhase section */

/* Begin PBXVariantGroup section */
		474F4EB2290AB90200BE82A6 /* Main.storyboard */ = {
			isa = PBXVariantGroup;
			children = (
				474F4EB3290AB90200BE82A6 /* Base */,
			);
			name = Main.storyboard;
			sourceTree = "<group>";
		};
		474F4EB7290AB90500BE82A6 /* LaunchScreen.storyboard */ = {
			isa = PBXVariantGroup;
			children = (
				474F4EB8290AB90500BE82A6 /* Base */,
			);
			name = LaunchScreen.storyboard;
			sourceTree = "<group>";
		};
/* End PBXVariantGroup section */

/* Begin XCBuildConfiguration section */
		474F4EBB290AB90500BE82A6 /* Debug */ = {
			isa = XCBuildConfiguration;
			buildSettings = {
				ALWAYS_SEARCH_USER_PATHS = NO;
				CLANG_ANALYZER_NONNULL = YES;
				CLANG_ANALYZER_NUMBER_OBJECT_CONVERSION = YES_AGGRESSIVE;
				CLANG_CXX_LANGUAGE_STANDARD = "gnu++20";
				CLANG_ENABLE_MODULES = YES;
				CLANG_ENABLE_OBJC_ARC = YES;
				CLANG_ENABLE_OBJC_WEAK = YES;
				CLANG_WARN_BLOCK_CAPTURE_AUTORELEASING = YES;
				CLANG_WARN_BOOL_CONVERSION = YES;
				CLANG_WARN_COMMA = YES;
				CLANG_WARN_CONSTANT_CONVERSION = YES;
				CLANG_WARN_DEPRECATED_OBJC_IMPLEMENTATIONS = YES;
				CLANG_WARN_DIRECT_OBJC_ISA_USAGE = YES_ERROR;
				CLANG_WARN_DOCUMENTATION_COMMENTS = YES;
				CLANG_WARN_EMPTY_BODY = YES;
				CLANG_WARN_ENUM_CONVERSION = YES;
				CLANG_WARN_INFINITE_RECURSION = YES;
				CLANG_WARN_INT_CONVERSION = YES;
				CLANG_WARN_NON_LITERAL_NULL_CONVERSION = YES;
				CLANG_WARN_OBJC_IMPLICIT_RETAIN_SELF = YES;
				CLANG_WARN_OBJC_LITERAL_CONVERSION = YES;
				CLANG_WARN_OBJC_ROOT_CLASS = YES_ERROR;
				CLANG_WARN_QUOTED_INCLUDE_IN_FRAMEWORK_HEADER = YES;
				CLANG_WARN_RANGE_LOOP_ANALYSIS = YES;
				CLANG_WARN_STRICT_PROTOTYPES = YES;
				CLANG_WARN_SUSPICIOUS_MOVE = YES;
				CLANG_WARN_UNGUARDED_AVAILABILITY = YES_AGGRESSIVE;
				CLANG_WARN_UNREACHABLE_CODE = YES;
				CLANG_WARN__DUPLICATE_METHOD_MATCH = YES;
				COPY_PHASE_STRIP = NO;
				DEBUG_INFORMATION_FORMAT = dwarf;
				ENABLE_STRICT_OBJC_MSGSEND = YES;
				ENABLE_TESTABILITY = YES;
				GCC_C_LANGUAGE_STANDARD = gnu11;
				GCC_DYNAMIC_NO_PIC = NO;
				GCC_NO_COMMON_BLOCKS = YES;
				GCC_OPTIMIZATION_LEVEL = 0;
				GCC_PREPROCESSOR_DEFINITIONS = (
					"DEBUG=1",
					"$(inherited)",
				);
				GCC_WARN_64_TO_32_BIT_CONVERSION = YES;
				GCC_WARN_ABOUT_RETURN_TYPE = YES_ERROR;
				GCC_WARN_UNDECLARED_SELECTOR = YES;
				GCC_WARN_UNINITIALIZED_AUTOS = YES_AGGRESSIVE;
				GCC_WARN_UNUSED_FUNCTION = YES;
				GCC_WARN_UNUSED_VARIABLE = YES;
				IPHONEOS_DEPLOYMENT_TARGET = 16.0;
				MTL_ENABLE_DEBUG_INFO = INCLUDE_SOURCE;
				MTL_FAST_MATH = YES;
				ONLY_ACTIVE_ARCH = YES;
				SDKROOT = iphoneos;
				SWIFT_ACTIVE_COMPILATION_CONDITIONS = DEBUG;
				SWIFT_OPTIMIZATION_LEVEL = "-Onone";
			};
			name = Debug;
		};
		474F4EBC290AB90500BE82A6 /* Release */ = {
			isa = XCBuildConfiguration;
			buildSettings = {
				ALWAYS_SEARCH_USER_PATHS = NO;
				CLANG_ANALYZER_NONNULL = YES;
				CLANG_ANALYZER_NUMBER_OBJECT_CONVERSION = YES_AGGRESSIVE;
				CLANG_CXX_LANGUAGE_STANDARD = "gnu++20";
				CLANG_ENABLE_MODULES = YES;
				CLANG_ENABLE_OBJC_ARC = YES;
				CLANG_ENABLE_OBJC_WEAK = YES;
				CLANG_WARN_BLOCK_CAPTURE_AUTORELEASING = YES;
				CLANG_WARN_BOOL_CONVERSION = YES;
				CLANG_WARN_COMMA = YES;
				CLANG_WARN_CONSTANT_CONVERSION = YES;
				CLANG_WARN_DEPRECATED_OBJC_IMPLEMENTATIONS = YES;
				CLANG_WARN_DIRECT_OBJC_ISA_USAGE = YES_ERROR;
				CLANG_WARN_DOCUMENTATION_COMMENTS = YES;
				CLANG_WARN_EMPTY_BODY = YES;
				CLANG_WARN_ENUM_CONVERSION = YES;
				CLANG_WARN_INFINITE_RECURSION = YES;
				CLANG_WARN_INT_CONVERSION = YES;
				CLANG_WARN_NON_LITERAL_NULL_CONVERSION = YES;
				CLANG_WARN_OBJC_IMPLICIT_RETAIN_SELF = YES;
				CLANG_WARN_OBJC_LITERAL_CONVERSION = YES;
				CLANG_WARN_OBJC_ROOT_CLASS = YES_ERROR;
				CLANG_WARN_QUOTED_INCLUDE_IN_FRAMEWORK_HEADER = YES;
				CLANG_WARN_RANGE_LOOP_ANALYSIS = YES;
				CLANG_WARN_STRICT_PROTOTYPES = YES;
				CLANG_WARN_SUSPICIOUS_MOVE = YES;
				CLANG_WARN_UNGUARDED_AVAILABILITY = YES_AGGRESSIVE;
				CLANG_WARN_UNREACHABLE_CODE = YES;
				CLANG_WARN__DUPLICATE_METHOD_MATCH = YES;
				COPY_PHASE_STRIP = NO;
				DEBUG_INFORMATION_FORMAT = "dwarf-with-dsym";
				ENABLE_NS_ASSERTIONS = NO;
				ENABLE_STRICT_OBJC_MSGSEND = YES;
				GCC_C_LANGUAGE_STANDARD = gnu11;
				GCC_NO_COMMON_BLOCKS = YES;
				GCC_WARN_64_TO_32_BIT_CONVERSION = YES;
				GCC_WARN_ABOUT_RETURN_TYPE = YES_ERROR;
				GCC_WARN_UNDECLARED_SELECTOR = YES;
				GCC_WARN_UNINITIALIZED_AUTOS = YES_AGGRESSIVE;
				GCC_WARN_UNUSED_FUNCTION = YES;
				GCC_WARN_UNUSED_VARIABLE = YES;
				IPHONEOS_DEPLOYMENT_TARGET = 16.0;
				MTL_ENABLE_DEBUG_INFO = NO;
				MTL_FAST_MATH = YES;
				SDKROOT = iphoneos;
				SWIFT_COMPILATION_MODE = wholemodule;
				SWIFT_OPTIMIZATION_LEVEL = "-O";
				VALIDATE_PRODUCT = YES;
			};
			name = Release;
		};
		474F4EBE290AB90500BE82A6 /* Debug */ = {
			isa = XCBuildConfiguration;
			buildSettings = {
				ASSETCATALOG_COMPILER_APPICON_NAME = AppIcon;
				ASSETCATALOG_COMPILER_GLOBAL_ACCENT_COLOR_NAME = AccentColor;
				CODE_SIGN_STYLE = Automatic;
				CURRENT_PROJECT_VERSION = 1;
				DEVELOPMENT_TEAM = 9FUT6T5A9B;
				GENERATE_INFOPLIST_FILE = YES;
				INFOPLIST_FILE = SKETUVEUX/Info.plist;
				INFOPLIST_KEY_CFBundleDisplayName = "SKE TU VEUX";
				INFOPLIST_KEY_UIApplicationSupportsIndirectInputEvents = YES;
				INFOPLIST_KEY_UILaunchStoryboardName = LaunchScreen.storyboard;
				INFOPLIST_KEY_UIMainStoryboardFile = Main;
				INFOPLIST_KEY_UISupportedInterfaceOrientations = UIInterfaceOrientationPortrait;
				INFOPLIST_KEY_UISupportedInterfaceOrientations_iPad = "UIInterfaceOrientationLandscapeLeft UIInterfaceOrientationLandscapeRight UIInterfaceOrientationPortrait UIInterfaceOrientationPortraitUpsideDown";
				LD_RUNPATH_SEARCH_PATHS = (
					"$(inherited)",
					"@executable_path/Frameworks",
				);
				MARKETING_VERSION = 1.0;
				PRODUCT_BUNDLE_IDENTIFIER = Julien.SKETUVEUX;
				PRODUCT_NAME = "$(TARGET_NAME)";
				SUPPORTED_PLATFORMS = "iphoneos iphonesimulator";
				SUPPORTS_MACCATALYST = NO;
				SUPPORTS_MAC_DESIGNED_FOR_IPHONE_IPAD = NO;
				SWIFT_EMIT_LOC_STRINGS = YES;
				SWIFT_VERSION = 5.0;
				TARGETED_DEVICE_FAMILY = 1;
			};
			name = Debug;
		};
		474F4EBF290AB90500BE82A6 /* Release */ = {
			isa = XCBuildConfiguration;
			buildSettings = {
				ASSETCATALOG_COMPILER_APPICON_NAME = AppIcon;
				ASSETCATALOG_COMPILER_GLOBAL_ACCENT_COLOR_NAME = AccentColor;
				CODE_SIGN_STYLE = Automatic;
				CURRENT_PROJECT_VERSION = 1;
				DEVELOPMENT_TEAM = 9FUT6T5A9B;
				GENERATE_INFOPLIST_FILE = YES;
				INFOPLIST_FILE = SKETUVEUX/Info.plist;
				INFOPLIST_KEY_CFBundleDisplayName = "SKE TU VEUX";
				INFOPLIST_KEY_UIApplicationSupportsIndirectInputEvents = YES;
				INFOPLIST_KEY_UILaunchStoryboardName = LaunchScreen.storyboard;
				INFOPLIST_KEY_UIMainStoryboardFile = Main;
				INFOPLIST_KEY_UISupportedInterfaceOrientations = UIInterfaceOrientationPortrait;
				INFOPLIST_KEY_UISupportedInterfaceOrientations_iPad = "UIInterfaceOrientationLandscapeLeft UIInterfaceOrientationLandscapeRight UIInterfaceOrientationPortrait UIInterfaceOrientationPortraitUpsideDown";
				LD_RUNPATH_SEARCH_PATHS = (
					"$(inherited)",
					"@executable_path/Frameworks",
				);
				MARKETING_VERSION = 1.0;
				PRODUCT_BUNDLE_IDENTIFIER = Julien.SKETUVEUX;
				PRODUCT_NAME = "$(TARGET_NAME)";
				SUPPORTED_PLATFORMS = "iphoneos iphonesimulator";
				SUPPORTS_MACCATALYST = NO;
				SUPPORTS_MAC_DESIGNED_FOR_IPHONE_IPAD = NO;
				SWIFT_EMIT_LOC_STRINGS = YES;
				SWIFT_VERSION = 5.0;
				TARGETED_DEVICE_FAMILY = 1;
			};
			name = Release;
		};
/* End XCBuildConfiguration section */

/* Begin XCConfigurationList section */
		474F4EA4290AB90200BE82A6 /* Build configuration list for PBXProject "SKETUVEUX" */ = {
			isa = XCConfigurationList;
			buildConfigurations = (
				474F4EBB290AB90500BE82A6 /* Debug */,
				474F4EBC290AB90500BE82A6 /* Release */,
			);
			defaultConfigurationIsVisible = 0;
			defaultConfigurationName = Release;
		};
		474F4EBD290AB90500BE82A6 /* Build configuration list for PBXNativeTarget "SKETUVEUX" */ = {
			isa = XCConfigurationList;
			buildConfigurations = (
				474F4EBE290AB90500BE82A6 /* Debug */,
				474F4EBF290AB90500BE82A6 /* Release */,
			);
			defaultConfigurationIsVisible = 0;
			defaultConfigurationName = Release;
		};
/* End XCConfigurationList section */

/* Begin XCRemoteSwiftPackageReference section */
		474F4ECC290ABDFA00BE82A6 /* XCRemoteSwiftPackageReference "realm-swift" */ = {
			isa = XCRemoteSwiftPackageReference;
			repositoryURL = "https://github.com/realm/realm-swift.git";
			requirement = {
				branch = master;
				kind = branch;
			};
		};
		474F4ED1290ABEF700BE82A6 /* XCRemoteSwiftPackageReference "Alamofire" */ = {
			isa = XCRemoteSwiftPackageReference;
			repositoryURL = "https://github.com/Alamofire/Alamofire.git";
			requirement = {
				kind = upToNextMajorVersion;
				minimumVersion = 5.6.1;
			};
		};
/* End XCRemoteSwiftPackageReference section */

/* Begin XCSwiftPackageProductDependency section */
		474F4ECD290ABDFA00BE82A6 /* Realm */ = {
			isa = XCSwiftPackageProductDependency;
			package = 474F4ECC290ABDFA00BE82A6 /* XCRemoteSwiftPackageReference "realm-swift" */;
			productName = Realm;
		};
		474F4ECF290ABDFA00BE82A6 /* RealmSwift */ = {
			isa = XCSwiftPackageProductDependency;
			package = 474F4ECC290ABDFA00BE82A6 /* XCRemoteSwiftPackageReference "realm-swift" */;
			productName = RealmSwift;
		};
		474F4ED2290ABEF700BE82A6 /* Alamofire */ = {
			isa = XCSwiftPackageProductDependency;
			package = 474F4ED1290ABEF700BE82A6 /* XCRemoteSwiftPackageReference "Alamofire" */;
			productName = Alamofire;
		};
/* End XCSwiftPackageProductDependency section */
	};
	rootObject = 474F4EA1290AB90200BE82A6 /* Project object */;
}
